
Microsoft Visual Studio Solution File, Format Version 12.00
# Visual Studio 15
VisualStudioVersion = 15.0.28307.106
MinimumVisualStudioVersion = 10.0.40219.1
Project("{FAE04EC0-301F-11D3-BF4B-00C04F79EFBC}") = "SamplesKnockout", "SamplesKnockout\SamplesKnockout.csproj", "{7EAE9B71-7F8E-4793-B2C3-5E597181E06D}"
EndProject
Project("{2150E333-8FDC-42A3-9474-1A3956D46DE8}") = "Solution Items", "Solution Items", "{779F10E4-B1D8-43BB-B128-80EE51259312}"
	ProjectSection(SolutionItems) = preProject
		CHANGELOG.md = CHANGELOG.md
		README.md = README.md
	EndProjectSection
EndProject
Global
	GlobalSection(SolutionConfigurationPlatforms) = preSolution
		Debug|Any CPU = Debug|Any CPU
		Release|Any CPU = Release|Any CPU
	EndGlobalSection
	GlobalSection(ProjectConfigurationPlatforms) = postSolution
		{7EAE9B71-7F8E-4793-B2C3-5E597181E06D}.Debug|Any CPU.ActiveCfg = Debug|Any CPU
		{7EAE9B71-7F8E-4793-B2C3-5E597181E06D}.Debug|Any CPU.Build.0 = Debug|Any CPU
		{7EAE9B71-7F8E-4793-B2C3-5E597181E06D}.Release|Any CPU.ActiveCfg = Release|Any CPU
		{7EAE9B71-7F8E-4793-B2C3-5E597181E06D}.Release|Any CPU.Build.0 = Release|Any CPU
	EndGlobalSection
	GlobalSection(SolutionProperties) = preSolution
		HideSolutionNode = FALSE
	EndGlobalSection
	GlobalSection(ExtensibilityGlobals) = postSolution
		SolutionGuid = {B426164A-DAC8-45D1-A371-5CC94DEC7B00}
	EndGlobalSection
EndGlobal
